// !$*UTF8*$!
{
	archiveVersion = 1;
	classes = {
	};
	objectVersion = 50;
	objects = {

/* Begin PBXBuildFile section */
		8A22839C2382FBE9005E89E7 /* AppDelegate.swift in Sources */ = {isa = PBXBuildFile; fileRef = 8A22839B2382FBE9005E89E7 /* AppDelegate.swift */; };
		8A22839E2382FBE9005E89E7 /* SceneDelegate.swift in Sources */ = {isa = PBXBuildFile; fileRef = 8A22839D2382FBE9005E89E7 /* SceneDelegate.swift */; };
		8A2283A02382FBE9005E89E7 /* ViewController.swift in Sources */ = {isa = PBXBuildFile; fileRef = 8A22839F2382FBE9005E89E7 /* ViewController.swift */; };
		8A2283A32382FBE9005E89E7 /* Main.storyboard in Resources */ = {isa = PBXBuildFile; fileRef = 8A2283A12382FBE9005E89E7 /* Main.storyboard */; };
		8A2283A52382FBED005E89E7 /* Assets.xcassets in Resources */ = {isa = PBXBuildFile; fileRef = 8A2283A42382FBED005E89E7 /* Assets.xcassets */; };
		8A2283A82382FBED005E89E7 /* LaunchScreen.storyboard in Resources */ = {isa = PBXBuildFile; fileRef = 8A2283A62382FBED005E89E7 /* LaunchScreen.storyboard */; };
/* End PBXBuildFile section */

/* Begin PBXFileReference section */
		8A2283982382FBE9005E89E7 /* HappyOrSad.app */ = {isa = PBXFileReference; explicitFileType = wrapper.application; includeInIndex = 0; path = HappyOrSad.app; sourceTree = BUILT_PRODUCTS_DIR; };
		8A22839B2382FBE9005E89E7 /* AppDelegate.swift */ = {isa = PBXFileReference; lastKnownFileType = sourcecode.swift; path = AppDelegate.swift; sourceTree = "<group>"; };
		8A22839D2382FBE9005E89E7 /* SceneDelegate.swift */ = {isa = PBXFileReference; lastKnownFileType = sourcecode.swift; path = SceneDelegate.swift; sourceTree = "<group>"; };
		8A22839F2382FBE9005E89E7 /* ViewController.swift */ = {isa = PBXFileReference; lastKnownFileType = sourcecode.swift; path = ViewController.swift; sourceTree = "<group>"; };
		8A2283A22382FBE9005E89E7 /* Base */ = {isa = PBXFileReference; lastKnownFileType = file.storyboard; name = Base; path = Base.lproj/Main.storyboard; sourceTree = "<group>"; };
		8A2283A42382FBED005E89E7 /* Assets.xcassets */ = {isa = PBXFileReference; lastKnownFileType = folder.assetcatalog; path = Assets.xcassets; sourceTree = "<group>"; };
		8A2283A72382FBED005E89E7 /* Base */ = {isa = PBXFileReference; lastKnownFileType = file.storyboard; name = Base; path = Base.lproj/LaunchScreen.storyboard; sourceTree = "<group>"; };
		8A2283A92382FBED005E89E7 /* Info.plist */ = {isa = PBXFileReference; lastKnownFileType = text.plist.xml; path = Info.plist; sourceTree = "<group>"; };
/* End PBXFileReference section */

/* Begin PBXFrameworksBuildPhase section */
		8A2283952382FBE9005E89E7 /* Frameworks */ = {
			isa = PBXFrameworksBuildPhase;
			buildActionMask = 2147483647;
			files = (
			);
			runOnlyForDeploymentPostprocessing = 0;
		};
/* End PBXFrameworksBuildPhase section */

/* Begin PBXGroup section */
		8A22838F2382FBE9005E89E7 = {
			isa = PBXGroup;
			children = (
				8A22839A2382FBE9005E89E7 /* HappyOrSad */,
				8A2283992382FBE9005E89E7 /* Products */,
			);
			sourceTree = "<group>";
		};
		8A2283992382FBE9005E89E7 /* Products */ = {
			isa = PBXGroup;
			children = (
				8A2283982382FBE9005E89E7 /* HappyOrSad.app */,
			);
			name = Products;
			sourceTree = "<group>";
		};
		8A22839A2382FBE9005E89E7 /* HappyOrSad */ = {
			isa = PBXGroup;
			children = (
				8A22839B2382FBE9005E89E7 /* AppDelegate.swift */,
				8A22839D2382FBE9005E89E7 /* SceneDelegate.swift */,
				8A22839F2382FBE9005E89E7 /* ViewController.swift */,
				8A2283A12382FBE9005E89E7 /* Main.storyboard */,
				8A2283A42382FBED005E89E7 /* Assets.xcassets */,
				8A2283A62382FBED005E89E7 /* LaunchScreen.storyboard */,
				8A2283A92382FBED005E89E7 /* Info.plist */,
			);
			path = HappyOrSad;
			sourceTree = "<group>";
		};
/* End PBXGroup section */

/* Begin PBXNativeTarget section */
		8A2283972382FBE9005E89E7 /* HappyOrSad */ = {
			isa = PBXNativeTarget;
			buildConfigurationList = 8A2283AC2382FBED005E89E7 /* Build configuration list for PBXNativeTarget "HappyOrSad" */;
			buildPhases = (
				8A2283942382FBE9005E89E7 /* Sources */,
				8A2283952382FBE9005E89E7 /* Frameworks */,
				8A2283962382FBE9005E89E7 /* Resources */,
			);
			buildRules = (
			);
			dependencies = (
			);
			name = HappyOrSad;
			productName = HappyOrSad;
			productReference = 8A2283982382FBE9005E89E7 /* HappyOrSad.app */;
			productType = "com.apple.product-type.application";
		};
/* End PBXNativeTarget section */

/* Begin PBXProject section */
		8A2283902382FBE9005E89E7 /* Project object */ = {
			isa = PBXProject;
			attributes = {
				LastSwiftUpdateCheck = 1110;
				LastUpgradeCheck = 1110;
				ORGANIZATIONNAME = "James Wu";
				TargetAttributes = {
					8A2283972382FBE9005E89E7 = {
						CreatedOnToolsVersion = 11.1;
					};
				};
			};
			buildConfigurationList = 8A2283932382FBE9005E89E7 /* Build configuration list for PBXProject "HappyOrSad" */;
			compatibilityVersion = "Xcode 9.3";
			developmentRegion = en;
			hasScannedForEncodings = 0;
			knownRegions = (
				en,
				Base,
			);
			mainGroup = 8A22838F2382FBE9005E89E7;
			productRefGroup = 8A2283992382FBE9005E89E7 /* Products */;
			projectDirPath = "";
			projectRoot = "";
			targets = (
				8A2283972382FBE9005E89E7 /* HappyOrSad */,
			);
		};
/* End PBXProject section */

/* Begin PBXResourcesBuildPhase section */
		8A2283962382FBE9005E89E7 /* Resources */ = {
			isa = PBXResourcesBuildPhase;
			buildActionMask = 2147483647;
			files = (
				8A2283A82382FBED005E89E7 /* LaunchScreen.storyboard in Resources */,
				8A2283A52382FBED005E89E7 /* Assets.xcassets in Resources */,
				8A2283A32382FBE9005E89E7 /* Main.storyboard in Resources */,
			);
			runOnlyForDeploymentPostprocessing = 0;
		};
/* End PBXResourcesBuildPhase section */

/* Begin PBXSourcesBuildPhase section */
		8A2283942382FBE9005E89E7 /* Sources */ = {
			isa = PBXSourcesBuildPhase;
			buildActionMask = 2147483647;
			files = (
				8A2283A02382FBE9005E89E7 /* ViewController.swift in Sources */,
				8A22839C2382FBE9005E89E7 /* AppDelegate.swift in Sources */,
				8A22839E2382FBE9005E89E7 /* SceneDelegate.swift in Sources */,
			);
			runOnlyForDeploymentPostprocessing = 0;
		};
/* End PBXSourcesBuildPhase section */

/* Begin PBXVariantGroup section */
		8A2283A12382FBE9005E89E7 /* Main.storyboard */ = {
			isa = PBXVariantGroup;
			children = (
				8A2283A22382FBE9005E89E7 /* Base */,
			);
			name = Main.storyboard;
			sourceTree = "<group>";
		};
		8A2283A62382FBED005E89E7 /* LaunchScreen.storyboard */ = {
			isa = PBXVariantGroup;
			children = (
				8A2283A72382FBED005E89E7 /* Base */,
			);
			name = LaunchScreen.storyboard;
			sourceTree = "<group>";
		};
/* End PBXVariantGroup section */

/* Begin XCBuildConfiguration section */
		8A2283AA2382FBED005E89E7 /* Debug */ = {
			isa = XCBuildConfiguration;
			buildSettings = {
				ALWAYS_SEARCH_USER_PATHS = NO;
				CLANG_ANALYZER_NONNULL = YES;
				CLANG_ANALYZER_NUMBER_OBJECT_CONVERSION = YES_AGGRESSIVE;
				CLANG_CXX_LANGUAGE_STANDARD = "gnu++14";
				CLANG_CXX_LIBRARY = "libc++";
				CLANG_ENABLE_MODULES = YES;
				CLANG_ENABLE_OBJC_ARC = YES;
				CLANG_ENABLE_OBJC_WEAK = YES;
				CLANG_WARN_BLOCK_CAPTURE_AUTORELEASING = YES;
				CLANG_WARN_BOOL_CONVERSION = YES;
				CLANG_WARN_COMMA = YES;
				CLANG_WARN_CONSTANT_CONVERSION = YES;
				CLANG_WARN_DEPRECATED_OBJC_IMPLEMENTATIONS = YES;
				CLANG_WARN_DIRECT_OBJC_ISA_USAGE = YES_ERROR;
				CLANG_WARN_DOCUMENTATION_COMMENTS = YES;
				CLANG_WARN_EMPTY_BODY = YES;
				CLANG_WARN_ENUM_CONVERSION = YES;
				CLANG_WARN_INFINITE_RECURSION = YES;
				CLANG_WARN_INT_CONVERSION = YES;
				CLANG_WARN_NON_LITERAL_NULL_CONVERSION = YES;
				CLANG_WARN_OBJC_IMPLICIT_RETAIN_SELF = YES;
				CLANG_WARN_OBJC_LITERAL_CONVERSION = YES;
				CLANG_WARN_OBJC_ROOT_CLASS = YES_ERROR;
				CLANG_WARN_RANGE_LOOP_ANALYSIS = YES;
				CLANG_WARN_STRICT_PROTOTYPES = YES;
				CLANG_WARN_SUSPICIOUS_MOVE = YES;
				CLANG_WARN_UNGUARDED_AVAILABILITY = YES_AGGRESSIVE;
				CLANG_WARN_UNREACHABLE_CODE = YES;
				CLANG_WARN__DUPLICATE_METHOD_MATCH = YES;
				COPY_PHASE_STRIP = NO;
				DEBUG_INFORMATION_FORMAT = dwarf;
				ENABLE_STRICT_OBJC_MSGSEND = YES;
				ENABLE_TESTABILITY = YES;
				GCC_C_LANGUAGE_STANDARD = gnu11;
				GCC_DYNAMIC_NO_PIC = NO;
				GCC_NO_COMMON_BLOCKS = YES;
				GCC_OPTIMIZATION_LEVEL = 0;
				GCC_PREPROCESSOR_DEFINITIONS = (
					"DEBUG=1",
					"$(inherited)",
				);
				GCC_WARN_64_TO_32_BIT_CONVERSION = YES;
				GCC_WARN_ABOUT_RETURN_TYPE = YES_ERROR;
				GCC_WARN_UNDECLARED_SELECTOR = YES;
				GCC_WARN_UNINITIALIZED_AUTOS = YES_AGGRESSIVE;
				GCC_WARN_UNUSED_FUNCTION = YES;
				GCC_WARN_UNUSED_VARIABLE = YES;
				IPHONEOS_DEPLOYMENT_TARGET = 13.1;
				MTL_ENABLE_DEBUG_INFO = INCLUDE_SOURCE;
				MTL_FAST_MATH = YES;
				ONLY_ACTIVE_ARCH = YES;
				SDKROOT = iphoneos;
				SWIFT_ACTIVE_COMPILATION_CONDITIONS = DEBUG;
				SWIFT_OPTIMIZATION_LEVEL = "-Onone";
			};
			name = Debug;
		};
		8A2283AB2382FBED005E89E7 /* Release */ = {
			isa = XCBuildConfiguration;
			buildSettings = {
				ALWAYS_SEARCH_USER_PATHS = NO;
				CLANG_ANALYZER_NONNULL = YES;
				CLANG_ANALYZER_NUMBER_OBJECT_CONVERSION = YES_AGGRESSIVE;
				CLANG_CXX_LANGUAGE_STANDARD = "gnu++14";
				CLANG_CXX_LIBRARY = "libc++";
				CLANG_ENABLE_MODULES = YES;
				CLANG_ENABLE_OBJC_ARC = YES;
				CLANG_ENABLE_OBJC_WEAK = YES;
				CLANG_WARN_BLOCK_CAPTURE_AUTORELEASING = YES;
				CLANG_WARN_BOOL_CONVERSION = YES;
				CLANG_WARN_COMMA = YES;
				CLANG_WARN_CONSTANT_CONVERSION = YES;
				CLANG_WARN_DEPRECATED_OBJC_IMPLEMENTATIONS = YES;
				CLANG_WARN_DIRECT_OBJC_ISA_USAGE = YES_ERROR;
				CLANG_WARN_DOCUMENTATION_COMMENTS = YES;
				CLANG_WARN_EMPTY_BODY = YES;
				CLANG_WARN_ENUM_CONVERSION = YES;
				CLANG_WARN_INFINITE_RECURSION = YES;
				CLANG_WARN_INT_CONVERSION = YES;
				CLANG_WARN_NON_LITERAL_NULL_CONVERSION = YES;
				CLANG_WARN_OBJC_IMPLICIT_RETAIN_SELF = YES;
				CLANG_WARN_OBJC_LITERAL_CONVERSION = YES;
				CLANG_WARN_OBJC_ROOT_CLASS = YES_ERROR;
				CLANG_WARN_RANGE_LOOP_ANALYSIS = YES;
				CLANG_WARN_STRICT_PROTOTYPES = YES;
				CLANG_WARN_SUSPICIOUS_MOVE = YES;
				CLANG_WARN_UNGUARDED_AVAILABILITY = YES_AGGRESSIVE;
				CLANG_WARN_UNREACHABLE_CODE = YES;
				CLANG_WARN__DUPLICATE_METHOD_MATCH = YES;
				COPY_PHASE_STRIP = NO;
				DEBUG_INFORMATION_FORMAT = "dwarf-with-dsym";
				ENABLE_NS_ASSERTIONS = NO;
				ENABLE_STRICT_OBJC_MSGSEND = YES;
				GCC_C_LANGUAGE_STANDARD = gnu11;
				GCC_NO_COMMON_BLOCKS = YES;
				GCC_WARN_64_TO_32_BIT_CONVERSION = YES;
				GCC_WARN_ABOUT_RETURN_TYPE = YES_ERROR;
				GCC_WARN_UNDECLARED_SELECTOR = YES;
				GCC_WARN_UNINITIALIZED_AUTOS = YES_AGGRESSIVE;
				GCC_WARN_UNUSED_FUNCTION = YES;
				GCC_WARN_UNUSED_VARIABLE = YES;
				IPHONEOS_DEPLOYMENT_TARGET = 13.1;
				MTL_ENABLE_DEBUG_INFO = NO;
				MTL_FAST_MATH = YES;
				SDKROOT = iphoneos;
				SWIFT_COMPILATION_MODE = wholemodule;
				SWIFT_OPTIMIZATION_LEVEL = "-O";
				VALIDATE_PRODUCT = YES;
			};
			name = Release;
		};
		8A2283AD2382FBED005E89E7 /* Debug */ = {
			isa = XCBuildConfiguration;
			buildSettings = {
				ASSETCATALOG_COMPILER_APPICON_NAME = AppIcon;
				CODE_SIGN_STYLE = Automatic;
				DEVELOPMENT_TEAM = ZXWBUY9FJ7;
				INFOPLIST_FILE = HappyOrSad/Info.plist;
				LD_RUNPATH_SEARCH_PATHS = (
					"$(inherited)",
					"@executable_path/Frameworks",
				);
				PRODUCT_BUNDLE_IDENTIFIER = ca.wu.james.HappyOrSad;
				PRODUCT_NAME = "$(TARGET_NAME)";
				SWIFT_VERSION = 5.0;
				TARGETED_DEVICE_FAMILY = "1,2";
			};
			name = Debug;
		};
		8A2283AE2382FBED005E89E7 /* Release */ = {
			isa = XCBuildConfiguration;
			buildSettings = {
				ASSETCATALOG_COMPILER_APPICON_NAME = AppIcon;
				CODE_SIGN_STYLE = Automatic;
				DEVELOPMENT_TEAM = ZXWBUY9FJ7;
				INFOPLIST_FILE = HappyOrSad/Info.plist;
				LD_RUNPATH_SEARCH_PATHS = (
					"$(inherited)",
					"@executable_path/Frameworks",
				);
				PRODUCT_BUNDLE_IDENTIFIER = ca.wu.james.HappyOrSad;
				PRODUCT_NAME = "$(TARGET_NAME)";
				SWIFT_VERSION = 5.0;
				TARGETED_DEVICE_FAMILY = "1,2";
			};
			name = Release;
		};
/* End XCBuildConfiguration section */

/* Begin XCConfigurationList section */
		8A2283932382FBE9005E89E7 /* Build configuration list for PBXProject "HappyOrSad" */ = {
			isa = XCConfigurationList;
			buildConfigurations = (
				8A2283AA2382FBED005E89E7 /* Debug */,
				8A2283AB2382FBED005E89E7 /* Release */,
			);
			defaultConfigurationIsVisible = 0;
			defaultConfigurationName = Release;
		};
		8A2283AC2382FBED005E89E7 /* Build configuration list for PBXNativeTarget "HappyOrSad" */ = {
			isa = XCConfigurationList;
			buildConfigurations = (
				8A2283AD2382FBED005E89E7 /* Debug */,
				8A2283AE2382FBED005E89E7 /* Release */,
			);
			defaultConfigurationIsVisible = 0;
			defaultConfigurationName = Release;
		};
/* End XCConfigurationList section */
	};
	rootObject = 8A2283902382FBE9005E89E7 /* Project object */;
}
